
Microsoft Visual Studio Solution File, Format Version 12.00
# Visual Studio Version 16
VisualStudioVersion = 16.0.29215.179
MinimumVisualStudioVersion = 10.0.40219.1
Project("{FAE04EC0-301F-11D3-BF4B-00C04F79EFBC}") = "LinkedList_Algorithm", "LinkedList_Algorithm\LinkedList_Algorithm.csproj", "{43E69B00-E4B8-48EB-B5CA-FEB95255234B}"
EndProject
Global
	GlobalSection(SolutionConfigurationPlatforms) = preSolution
		Debug|Any CPU = Debug|Any CPU
		Release|Any CPU = Release|Any CPU
	EndGlobalSection
	GlobalSection(ProjectConfigurationPlatforms) = postSolution
		{43E69B00-E4B8-48EB-B5CA-FEB95255234B}.Debug|Any CPU.ActiveCfg = Debug|Any CPU
		{43E69B00-E4B8-48EB-B5CA-FEB95255234B}.Debug|Any CPU.Build.0 = Debug|Any CPU
		{43E69B00-E4B8-48EB-B5CA-FEB95255234B}.Release|Any CPU.ActiveCfg = Release|Any CPU
		{43E69B00-E4B8-48EB-B5CA-FEB95255234B}.Release|Any CPU.Build.0 = Release|Any CPU
	EndGlobalSection
	GlobalSection(SolutionProperties) = preSolution
		HideSolutionNode = FALSE
	EndGlobalSection
	GlobalSection(ExtensibilityGlobals) = postSolution
		SolutionGuid = {7E371358-E8B5-4B36-9D6F-96EDB0D113E6}
	EndGlobalSection
EndGlobal
