
Microsoft Visual Studio Solution File, Format Version 12.00
# Visual Studio Version 16
VisualStudioVersion = 16.0.29215.179
MinimumVisualStudioVersion = 10.0.40219.1
Project("{FAE04EC0-301F-11D3-BF4B-00C04F79EFBC}") = "MergeSort_algorithm", "MergeSort_algorithm\MergeSort_algorithm.csproj", "{6EE3C4BE-0D2F-4D0E-8EDD-BE25FCDD6489}"
EndProject
Global
	GlobalSection(SolutionConfigurationPlatforms) = preSolution
		Debug|Any CPU = Debug|Any CPU
		Release|Any CPU = Release|Any CPU
	EndGlobalSection
	GlobalSection(ProjectConfigurationPlatforms) = postSolution
		{6EE3C4BE-0D2F-4D0E-8EDD-BE25FCDD6489}.Debug|Any CPU.ActiveCfg = Debug|Any CPU
		{6EE3C4BE-0D2F-4D0E-8EDD-BE25FCDD6489}.Debug|Any CPU.Build.0 = Debug|Any CPU
		{6EE3C4BE-0D2F-4D0E-8EDD-BE25FCDD6489}.Release|Any CPU.ActiveCfg = Release|Any CPU
		{6EE3C4BE-0D2F-4D0E-8EDD-BE25FCDD6489}.Release|Any CPU.Build.0 = Release|Any CPU
	EndGlobalSection
	GlobalSection(SolutionProperties) = preSolution
		HideSolutionNode = FALSE
	EndGlobalSection
	GlobalSection(ExtensibilityGlobals) = postSolution
		SolutionGuid = {54339F51-590E-409C-A7C3-E1C1CC584DD6}
	EndGlobalSection
EndGlobal
