
Microsoft Visual Studio Solution File, Format Version 12.00
# Visual Studio Version 16
VisualStudioVersion = 16.0.29215.179
MinimumVisualStudioVersion = 10.0.40219.1
Project("{FAE04EC0-301F-11D3-BF4B-00C04F79EFBC}") = "QuickSort_Algorithm", "QuickSort_Algorithm\QuickSort_Algorithm.csproj", "{A595E3DF-2586-4A24-893B-17F2CE97D52F}"
EndProject
Global
	GlobalSection(SolutionConfigurationPlatforms) = preSolution
		Debug|Any CPU = Debug|Any CPU
		Release|Any CPU = Release|Any CPU
	EndGlobalSection
	GlobalSection(ProjectConfigurationPlatforms) = postSolution
		{A595E3DF-2586-4A24-893B-17F2CE97D52F}.Debug|Any CPU.ActiveCfg = Debug|Any CPU
		{A595E3DF-2586-4A24-893B-17F2CE97D52F}.Debug|Any CPU.Build.0 = Debug|Any CPU
		{A595E3DF-2586-4A24-893B-17F2CE97D52F}.Release|Any CPU.ActiveCfg = Release|Any CPU
		{A595E3DF-2586-4A24-893B-17F2CE97D52F}.Release|Any CPU.Build.0 = Release|Any CPU
	EndGlobalSection
	GlobalSection(SolutionProperties) = preSolution
		HideSolutionNode = FALSE
	EndGlobalSection
	GlobalSection(ExtensibilityGlobals) = postSolution
		SolutionGuid = {038053A3-B8F7-4F83-9C54-1A782DB41FF2}
	EndGlobalSection
EndGlobal
