
Microsoft Visual Studio Solution File, Format Version 12.00
# Visual Studio Version 16
VisualStudioVersion = 16.0.29215.179
MinimumVisualStudioVersion = 10.0.40219.1
Project("{FAE04EC0-301F-11D3-BF4B-00C04F79EFBC}") = "SearchSort", "SearchSort\SearchSort.csproj", "{4136280D-1B72-45CB-B766-F260F254527F}"
EndProject
Global
	GlobalSection(SolutionConfigurationPlatforms) = preSolution
		Debug|Any CPU = Debug|Any CPU
		Release|Any CPU = Release|Any CPU
	EndGlobalSection
	GlobalSection(ProjectConfigurationPlatforms) = postSolution
		{4136280D-1B72-45CB-B766-F260F254527F}.Debug|Any CPU.ActiveCfg = Debug|Any CPU
		{4136280D-1B72-45CB-B766-F260F254527F}.Debug|Any CPU.Build.0 = Debug|Any CPU
		{4136280D-1B72-45CB-B766-F260F254527F}.Release|Any CPU.ActiveCfg = Release|Any CPU
		{4136280D-1B72-45CB-B766-F260F254527F}.Release|Any CPU.Build.0 = Release|Any CPU
	EndGlobalSection
	GlobalSection(SolutionProperties) = preSolution
		HideSolutionNode = FALSE
	EndGlobalSection
	GlobalSection(ExtensibilityGlobals) = postSolution
		SolutionGuid = {26107AEC-DAD2-4DE8-9079-407CA031BE46}
	EndGlobalSection
EndGlobal
