
Microsoft Visual Studio Solution File, Format Version 12.00
# Visual Studio Version 16
VisualStudioVersion = 16.0.29215.179
MinimumVisualStudioVersion = 10.0.40219.1
Project("{FAE04EC0-301F-11D3-BF4B-00C04F79EFBC}") = "TimeEfficiencyExamples", "TimeEfficiencyExamples\TimeEfficiencyExamples.csproj", "{0BDAACF7-401E-425D-BA43-DFD7A064D227}"
EndProject
Global
	GlobalSection(SolutionConfigurationPlatforms) = preSolution
		Debug|Any CPU = Debug|Any CPU
		Release|Any CPU = Release|Any CPU
	EndGlobalSection
	GlobalSection(ProjectConfigurationPlatforms) = postSolution
		{0BDAACF7-401E-425D-BA43-DFD7A064D227}.Debug|Any CPU.ActiveCfg = Debug|Any CPU
		{0BDAACF7-401E-425D-BA43-DFD7A064D227}.Debug|Any CPU.Build.0 = Debug|Any CPU
		{0BDAACF7-401E-425D-BA43-DFD7A064D227}.Release|Any CPU.ActiveCfg = Release|Any CPU
		{0BDAACF7-401E-425D-BA43-DFD7A064D227}.Release|Any CPU.Build.0 = Release|Any CPU
	EndGlobalSection
	GlobalSection(SolutionProperties) = preSolution
		HideSolutionNode = FALSE
	EndGlobalSection
	GlobalSection(ExtensibilityGlobals) = postSolution
		SolutionGuid = {D10B7795-34B4-4FFF-A59E-B1FE3A280CA3}
	EndGlobalSection
EndGlobal
